{
  "name": "07_instalando-modulo-publicado",
  "version": "1.0.0",
  "lockfileVersion": 3,
  "requires": true,
  "packages": {
    "": {
      "name": "07_instalando-modulo-publicado",
      "version": "1.0.0",
      "license": "ISC",
      "dependencies": {
        "@darioreisjr/fullstackclub": "^1.0.3"
      }
    },
    "node_modules/@darioreisjr/fullstackclub": {
      "version": "1.0.3",
      "resolved": "https://registry.npmjs.org/@darioreisjr/fullstackclub/-/fullstackclub-1.0.3.tgz",
      "integrity": "sha512-fGstat5+9YIryuiWwSe3n7zEFiPQ1PLCIToBpBgeHpgySM62/rHtttDhPVLmKfWmvRDO7CjIvMraFavOI8nvpQ==",
      "license": "ISC"
    }
  }
}
